// !$*UTF8*$!
{
	archiveVersion = 1;
	classes = {
	};
	objectVersion = 54;
	objects = {

/* Begin PBXBuildFile section */
		05A1975E6E323360F6D4A55A /* HandLandmarkTypes.swift in Sources */ = {isa = PBXBuildFile; fileRef = B403B85320DD7A4B0C166027 /* HandLandmarkTypes.swift */; };
		08C943D98F2961D3E7FD292C /* HandCropBuilder.swift in Sources */ = {isa = PBXBuildFile; fileRef = AFF3D92E23C51588F9B817C7 /* HandCropBuilder.swift */; };
		0D35ADD79DA1B8B274B350A7 /* BenchPressTypes.swift in Sources */ = {isa = PBXBuildFile; fileRef = DF445DF3E9EBB7E4F712C747 /* BenchPressTypes.swift */; };
		1498D2341E8E89220040F4C2 /* GeneratedPluginRegistrant.m in Sources */ = {isa = PBXBuildFile; fileRef = 1498D2331E8E89220040F4C2 /* GeneratedPluginRegistrant.m */; };
		1C9ADEA9E52E2A4B29397F47 /* Pods_RunnerTests.framework in Frameworks */ = {isa = PBXBuildFile; fileRef = 200979D0AF7396451B08CFB3 /* Pods_RunnerTests.framework */; };
		21CDBC22A214628A2C924DA7 /* PosePreprocess.swift in Sources */ = {isa = PBXBuildFile; fileRef = 9C26CE42DA3E61208CE01EF8 /* PosePreprocess.swift */; };
		223CDB2759C9124390D74E5F /* BundledVideoHandFrameProcessor.swift in Sources */ = {isa = PBXBuildFile; fileRef = E07DF17BCEE460AC05367CFD /* BundledVideoHandFrameProcessor.swift */; };
		331C808B294A63AB00263BE5 /* RunnerTests.swift in Sources */ = {isa = PBXBuildFile; fileRef = 331C807B294A618700263BE5 /* RunnerTests.swift */; };
		35264BC5B5803A97A73D826C /* rtmpose_s_forward.mlpackage in Resources */ = {isa = PBXBuildFile; fileRef = D0DB04261F1D80726AD0AF58 /* rtmpose_s_forward.mlpackage */; };
		3B3967161E833CAA004F5970 /* AppFrameworkInfo.plist in Resources */ = {isa = PBXBuildFile; fileRef = 3B3967151E833CAA004F5970 /* AppFrameworkInfo.plist */; };
		3C9255FE7D789FFFC415E3C9 /* hand_landmarker.task in Resources */ = {isa = PBXBuildFile; fileRef = EF0D70169B810C7825FAE8DD /* hand_landmarker.task */; };
		3EAE5785BD00E55356394216 /* NativePoseRegistration.swift in Sources */ = {isa = PBXBuildFile; fileRef = 28CF067E5302E66D43049D22 /* NativePoseRegistration.swift */; };
		40E3761BDF18FECA75D4155D /* BarbellRowEvaluator.swift in Sources */ = {isa = PBXBuildFile; fileRef = D17BBF73154938F9C729D2C4 /* BarbellRowEvaluator.swift */; };
		511C8B1A5E3231BB606B95BE /* SquatTypes.swift in Sources */ = {isa = PBXBuildFile; fileRef = 66A9249975D25A56873258E4 /* SquatTypes.swift */; };
		55B007C91D57370B112B9A8F /* HandOverlayRenderer.swift in Sources */ = {isa = PBXBuildFile; fileRef = 36C9903487E33B6D811F2A8D /* HandOverlayRenderer.swift */; };
		622CB33062458ACA0B781D8B /* NativePoseCameraPlatformView.swift in Sources */ = {isa = PBXBuildFile; fileRef = FCEB665660D0A67B817FFAB4 /* NativePoseCameraPlatformView.swift */; };
		680C86C56462486E58B77C3F /* BenchPressEvaluator.swift in Sources */ = {isa = PBXBuildFile; fileRef = 5F9D88DA5CB850FD0093B2DD /* BenchPressEvaluator.swift */; };
		6A92035D6C60A5B2C3F40A9D /* SquatEvaluator.swift in Sources */ = {isa = PBXBuildFile; fileRef = F6B6AACE97A047453F5ADE62 /* SquatEvaluator.swift */; };
		6B3F7BCD59D7E5D24433479A /* DeadliftTypes.swift in Sources */ = {isa = PBXBuildFile; fileRef = 75300D023784EA0CF4021DF0 /* DeadliftTypes.swift */; };
		74858FAF1ED2DC5600515810 /* AppDelegate.swift in Sources */ = {isa = PBXBuildFile; fileRef = 74858FAE1ED2DC5600515810 /* AppDelegate.swift */; };
		78A318202AECB46A00862997 /* FlutterGeneratedPluginSwiftPackage in Frameworks */ = {isa = PBXBuildFile; productRef = 78A3181F2AECB46A00862997 /* FlutterGeneratedPluginSwiftPackage */; };
		8A47468CE23144E7FE449BEB /* SimCCDecoder.swift in Sources */ = {isa = PBXBuildFile; fileRef = C7C4940B99ECEFA823DD8EB1 /* SimCCDecoder.swift */; };
		97C146FC1CF9000F007C117D /* Main.storyboard in Resources */ = {isa = PBXBuildFile; fileRef = 97C146FA1CF9000F007C117D /* Main.storyboard */; };
		97C146FE1CF9000F007C117D /* Assets.xcassets in Resources */ = {isa = PBXBuildFile; fileRef = 97C146FD1CF9000F007C117D /* Assets.xcassets */; };
		97C147011CF9000F007C117D /* LaunchScreen.storyboard in Resources */ = {isa = PBXBuildFile; fileRef = 97C146FF1CF9000F007C117D /* LaunchScreen.storyboard */; };
		A7DD801D7BE99E90AD97FF07 /* PoseCoordinateTransforms.swift in Sources */ = {isa = PBXBuildFile; fileRef = C22663292A168CDCAD307E66 /* PoseCoordinateTransforms.swift */; };
		A967865C22FDE39273719801 /* PushUpEvaluator.swift in Sources */ = {isa = PBXBuildFile; fileRef = 9D268645DA5180A69D8BBB08 /* PushUpEvaluator.swift */; };
		AC70631CACCCB3FA72FF8EB2 /* PushUpTypes.swift in Sources */ = {isa = PBXBuildFile; fileRef = AD715C08999EC86EA56E8795 /* PushUpTypes.swift */; };
		AF28DBE3A86A290721A6C706 /* Pods_Runner.framework in Frameworks */ = {isa = PBXBuildFile; fileRef = 4FF7A798DDF28A668B7AB568 /* Pods_Runner.framework */; };
		B7BF1D830B9649D4FFEE946D /* NativePoseExercise.swift in Sources */ = {isa = PBXBuildFile; fileRef = 84891B9713D133617485BF84 /* NativePoseExercise.swift */; };
		C4CC1F25A32E8EDA3BF8D0D3 /* NativePoseCameraPlatformViewFactory.swift in Sources */ = {isa = PBXBuildFile; fileRef = F3C7BDC341C048CCF624916D /* NativePoseCameraPlatformViewFactory.swift */; };
		DF0B0E60C6ACA17046E0A302 /* DeadliftEvaluator.swift in Sources */ = {isa = PBXBuildFile; fileRef = 362E1818C5D438F73E7CD41A /* DeadliftEvaluator.swift */; };
		E373932DEE26C31DD346DEB5 /* MediaPipeHandLandmarkerRunner.swift in Sources */ = {isa = PBXBuildFile; fileRef = 1CCE7980CB9E4B502305AFFA /* MediaPipeHandLandmarkerRunner.swift */; };
		EF3784812C6EE0FD8DEF1387 /* BarbellRowTypes.swift in Sources */ = {isa = PBXBuildFile; fileRef = 2A1FD033181BAA88DDC1B0E9 /* BarbellRowTypes.swift */; };
		FEEDD62DEEFAEFF0804DBBBC /* CameraPosePreview.swift in Sources */ = {isa = PBXBuildFile; fileRef = C1ACABEF752B807EA9D21EAB /* CameraPosePreview.swift */; };
		86AB2F1D28559673AEFB3414 /* CalibrationConfig.swift in Sources */ = {isa = PBXBuildFile; fileRef = B9C95AA857FF5EB6E528887C /* CalibrationConfig.swift */; };
		5A078BAFDB04ACF07057A2B7 /* CalibrationTypes.swift in Sources */ = {isa = PBXBuildFile; fileRef = 19834FA938874BF09D66DE00 /* CalibrationTypes.swift */; };
		0769990B245BA6D1840230A1 /* CalibrationEngine.swift in Sources */ = {isa = PBXBuildFile; fileRef = E760E89ED925A4E2008B2E5F /* CalibrationEngine.swift */; };
		06DA224CC54411106FB622FB /* CalibrationStore.swift in Sources */ = {isa = PBXBuildFile; fileRef = 49AF4E54B4A65A4CEA144369 /* CalibrationStore.swift */; };
		4EECF09D12FA45B0829E7EEB /* DeviceMotionMonitor.swift in Sources */ = {isa = PBXBuildFile; fileRef = 27439F5A8A68B8EDD6B4B211 /* DeviceMotionMonitor.swift */; };
		3ADE02570275D4BCFFA42291 /* CalibrationVoice.swift in Sources */ = {isa = PBXBuildFile; fileRef = A9904FCF0AC9BC0DB7C5C3AD /* CalibrationVoice.swift */; };
		B75CABD5DE5ECD9A619075AC /* CalibrationDebugLog.swift in Sources */ = {isa = PBXBuildFile; fileRef = B2F3CD58F303C94E51B2ECAF /* CalibrationDebugLog.swift */; };
		9B1765659A9EB03CD190EA76 /* CalibrationSession.swift in Sources */ = {isa = PBXBuildFile; fileRef = A477883B45E9D69598BA97E3 /* CalibrationSession.swift */; };
		B80641859AA06A9A441B5935 /* CalibrationCameraPlatformView.swift in Sources */ = {isa = PBXBuildFile; fileRef = C2B44E870E9B48FAB6FB2538 /* CalibrationCameraPlatformView.swift */; };
/* End PBXBuildFile section */

/* Begin PBXContainerItemProxy section */
		331C8085294A63A400263BE5 /* PBXContainerItemProxy */ = {
			isa = PBXContainerItemProxy;
			containerPortal = 97C146E61CF9000F007C117D /* Project object */;
			proxyType = 1;
			remoteGlobalIDString = 97C146ED1CF9000F007C117D;
			remoteInfo = Runner;
		};
/* End PBXContainerItemProxy section */

/* Begin PBXCopyFilesBuildPhase section */
		9705A1C41CF9048500538489 /* Embed Frameworks */ = {
			isa = PBXCopyFilesBuildPhase;
			buildActionMask = 2147483647;
			dstPath = "";
			dstSubfolderSpec = 10;
			files = (
			);
			name = "Embed Frameworks";
			runOnlyForDeploymentPostprocessing = 0;
		};
/* End PBXCopyFilesBuildPhase section */

/* Begin PBXFileReference section */
		1498D2321E8E86230040F4C2 /* GeneratedPluginRegistrant.h */ = {isa = PBXFileReference; lastKnownFileType = sourcecode.c.h; path = GeneratedPluginRegistrant.h; sourceTree = "<group>"; };
		1498D2331E8E89220040F4C2 /* GeneratedPluginRegistrant.m */ = {isa = PBXFileReference; fileEncoding = 4; lastKnownFileType = sourcecode.c.objc; path = GeneratedPluginRegistrant.m; sourceTree = "<group>"; };
		1CCE7980CB9E4B502305AFFA /* MediaPipeHandLandmarkerRunner.swift */ = {isa = PBXFileReference; includeInIndex = 1; lastKnownFileType = sourcecode.swift; path = MediaPipeHandLandmarkerRunner.swift; sourceTree = "<group>"; };
		200979D0AF7396451B08CFB3 /* Pods_RunnerTests.framework */ = {isa = PBXFileReference; explicitFileType = wrapper.framework; includeInIndex = 0; path = Pods_RunnerTests.framework; sourceTree = BUILT_PRODUCTS_DIR; };
		28CF067E5302E66D43049D22 /* NativePoseRegistration.swift */ = {isa = PBXFileReference; includeInIndex = 1; lastKnownFileType = sourcecode.swift; path = NativePoseRegistration.swift; sourceTree = "<group>"; };
		2A1FD033181BAA88DDC1B0E9 /* BarbellRowTypes.swift */ = {isa = PBXFileReference; includeInIndex = 1; lastKnownFileType = sourcecode.swift; path = BarbellRowTypes.swift; sourceTree = "<group>"; };
		331C807B294A618700263BE5 /* RunnerTests.swift */ = {isa = PBXFileReference; lastKnownFileType = sourcecode.swift; path = RunnerTests.swift; sourceTree = "<group>"; };
		331C8081294A63A400263BE5 /* RunnerTests.xctest */ = {isa = PBXFileReference; explicitFileType = wrapper.cfbundle; includeInIndex = 0; path = RunnerTests.xctest; sourceTree = BUILT_PRODUCTS_DIR; };
		362E1818C5D438F73E7CD41A /* DeadliftEvaluator.swift */ = {isa = PBXFileReference; includeInIndex = 1; lastKnownFileType = sourcecode.swift; path = DeadliftEvaluator.swift; sourceTree = "<group>"; };
		36C9903487E33B6D811F2A8D /* HandOverlayRenderer.swift */ = {isa = PBXFileReference; includeInIndex = 1; lastKnownFileType = sourcecode.swift; path = HandOverlayRenderer.swift; sourceTree = "<group>"; };
		3B3967151E833CAA004F5970 /* AppFrameworkInfo.plist */ = {isa = PBXFileReference; fileEncoding = 4; lastKnownFileType = text.plist.xml; name = AppFrameworkInfo.plist; path = Flutter/AppFrameworkInfo.plist; sourceTree = "<group>"; };
		4FF7A798DDF28A668B7AB568 /* Pods_Runner.framework */ = {isa = PBXFileReference; explicitFileType = wrapper.framework; includeInIndex = 0; path = Pods_Runner.framework; sourceTree = BUILT_PRODUCTS_DIR; };
		5F9D88DA5CB850FD0093B2DD /* BenchPressEvaluator.swift */ = {isa = PBXFileReference; includeInIndex = 1; lastKnownFileType = sourcecode.swift; path = BenchPressEvaluator.swift; sourceTree = "<group>"; };
		66A9249975D25A56873258E4 /* SquatTypes.swift */ = {isa = PBXFileReference; includeInIndex = 1; lastKnownFileType = sourcecode.swift; path = SquatTypes.swift; sourceTree = "<group>"; };
		74858FAD1ED2DC5600515810 /* Runner-Bridging-Header.h */ = {isa = PBXFileReference; lastKnownFileType = sourcecode.c.h; path = "Runner-Bridging-Header.h"; sourceTree = "<group>"; };
		74858FAE1ED2DC5600515810 /* AppDelegate.swift */ = {isa = PBXFileReference; fileEncoding = 4; lastKnownFileType = sourcecode.swift; path = AppDelegate.swift; sourceTree = "<group>"; };
		75300D023784EA0CF4021DF0 /* DeadliftTypes.swift */ = {isa = PBXFileReference; includeInIndex = 1; lastKnownFileType = sourcecode.swift; path = DeadliftTypes.swift; sourceTree = "<group>"; };
		78E0A7A72DC9AD7400C4905E /* FlutterGeneratedPluginSwiftPackage */ = {isa = PBXFileReference; lastKnownFileType = wrapper; name = FlutterGeneratedPluginSwiftPackage; path = Flutter/ephemeral/Packages/FlutterGeneratedPluginSwiftPackage; sourceTree = "<group>"; };
		7AFA3C8E1D35360C0083082E /* Release.xcconfig */ = {isa = PBXFileReference; lastKnownFileType = text.xcconfig; name = Release.xcconfig; path = Flutter/Release.xcconfig; sourceTree = "<group>"; };
		84891B9713D133617485BF84 /* NativePoseExercise.swift */ = {isa = PBXFileReference; includeInIndex = 1; lastKnownFileType = sourcecode.swift; path = NativePoseExercise.swift; sourceTree = "<group>"; };
		880A349A013816956A2730A8 /* Pods-Runner.profile.xcconfig */ = {isa = PBXFileReference; includeInIndex = 1; lastKnownFileType = text.xcconfig; name = "Pods-Runner.profile.xcconfig"; path = "Target Support Files/Pods-Runner/Pods-Runner.profile.xcconfig"; sourceTree = "<group>"; };
		8A560CAEE98BF11A7CDF63D0 /* Pods-RunnerTests.debug.xcconfig */ = {isa = PBXFileReference; includeInIndex = 1; lastKnownFileType = text.xcconfig; name = "Pods-RunnerTests.debug.xcconfig"; path = "Target Support Files/Pods-RunnerTests/Pods-RunnerTests.debug.xcconfig"; sourceTree = "<group>"; };
		9740EEB21CF90195004384FC /* Debug.xcconfig */ = {isa = PBXFileReference; fileEncoding = 4; lastKnownFileType = text.xcconfig; name = Debug.xcconfig; path = Flutter/Debug.xcconfig; sourceTree = "<group>"; };
		9740EEB31CF90195004384FC /* Generated.xcconfig */ = {isa = PBXFileReference; fileEncoding = 4; lastKnownFileType = text.xcconfig; name = Generated.xcconfig; path = Flutter/Generated.xcconfig; sourceTree = "<group>"; };
		97C146EE1CF9000F007C117D /* Runner.app */ = {isa = PBXFileReference; explicitFileType = wrapper.application; includeInIndex = 0; path = Runner.app; sourceTree = BUILT_PRODUCTS_DIR; };
		97C146FB1CF9000F007C117D /* Base */ = {isa = PBXFileReference; lastKnownFileType = file.storyboard; name = Base; path = Base.lproj/Main.storyboard; sourceTree = "<group>"; };
		97C146FD1CF9000F007C117D /* Assets.xcassets */ = {isa = PBXFileReference; lastKnownFileType = folder.assetcatalog; path = Assets.xcassets; sourceTree = "<group>"; };
		97C147001CF9000F007C117D /* Base */ = {isa = PBXFileReference; lastKnownFileType = file.storyboard; name = Base; path = Base.lproj/LaunchScreen.storyboard; sourceTree = "<group>"; };
		97C147021CF9000F007C117D /* Info.plist */ = {isa = PBXFileReference; lastKnownFileType = text.plist.xml; path = Info.plist; sourceTree = "<group>"; };
		9C26CE42DA3E61208CE01EF8 /* PosePreprocess.swift */ = {isa = PBXFileReference; includeInIndex = 1; lastKnownFileType = sourcecode.swift; path = PosePreprocess.swift; sourceTree = "<group>"; };
		9D268645DA5180A69D8BBB08 /* PushUpEvaluator.swift */ = {isa = PBXFileReference; includeInIndex = 1; lastKnownFileType = sourcecode.swift; path = PushUpEvaluator.swift; sourceTree = "<group>"; };
		A199D13B5A15F6E1558FDC78 /* Pods-Runner.release.xcconfig */ = {isa = PBXFileReference; includeInIndex = 1; lastKnownFileType = text.xcconfig; name = "Pods-Runner.release.xcconfig"; path = "Target Support Files/Pods-Runner/Pods-Runner.release.xcconfig"; sourceTree = "<group>"; };
		AD715C08999EC86EA56E8795 /* PushUpTypes.swift */ = {isa = PBXFileReference; includeInIndex = 1; lastKnownFileType = sourcecode.swift; path = PushUpTypes.swift; sourceTree = "<group>"; };
		AFF3D92E23C51588F9B817C7 /* HandCropBuilder.swift */ = {isa = PBXFileReference; includeInIndex = 1; lastKnownFileType = sourcecode.swift; path = HandCropBuilder.swift; sourceTree = "<group>"; };
		B403B85320DD7A4B0C166027 /* HandLandmarkTypes.swift */ = {isa = PBXFileReference; includeInIndex = 1; lastKnownFileType = sourcecode.swift; path = HandLandmarkTypes.swift; sourceTree = "<group>"; };
		C1ACABEF752B807EA9D21EAB /* CameraPosePreview.swift */ = {isa = PBXFileReference; includeInIndex = 1; lastKnownFileType = sourcecode.swift; path = CameraPosePreview.swift; sourceTree = "<group>"; };
		C22663292A168CDCAD307E66 /* PoseCoordinateTransforms.swift */ = {isa = PBXFileReference; includeInIndex = 1; lastKnownFileType = sourcecode.swift; path = PoseCoordinateTransforms.swift; sourceTree = "<group>"; };
		C7C4940B99ECEFA823DD8EB1 /* SimCCDecoder.swift */ = {isa = PBXFileReference; includeInIndex = 1; lastKnownFileType = sourcecode.swift; path = SimCCDecoder.swift; sourceTree = "<group>"; };
		D0DB04261F1D80726AD0AF58 /* rtmpose_s_forward.mlpackage */ = {isa = PBXFileReference; includeInIndex = 1; lastKnownFileType = folder.mlpackage; path = rtmpose_s_forward.mlpackage; sourceTree = "<group>"; };
		D167FF3D21F692A8C806B807 /* Pods-RunnerTests.profile.xcconfig */ = {isa = PBXFileReference; includeInIndex = 1; lastKnownFileType = text.xcconfig; name = "Pods-RunnerTests.profile.xcconfig"; path = "Target Support Files/Pods-RunnerTests/Pods-RunnerTests.profile.xcconfig"; sourceTree = "<group>"; };
		D17BBF73154938F9C729D2C4 /* BarbellRowEvaluator.swift */ = {isa = PBXFileReference; includeInIndex = 1; lastKnownFileType = sourcecode.swift; path = BarbellRowEvaluator.swift; sourceTree = "<group>"; };
		DF445DF3E9EBB7E4F712C747 /* BenchPressTypes.swift */ = {isa = PBXFileReference; includeInIndex = 1; lastKnownFileType = sourcecode.swift; path = BenchPressTypes.swift; sourceTree = "<group>"; };
		E07DF17BCEE460AC05367CFD /* BundledVideoHandFrameProcessor.swift */ = {isa = PBXFileReference; includeInIndex = 1; lastKnownFileType = sourcecode.swift; path = BundledVideoHandFrameProcessor.swift; sourceTree = "<group>"; };
		EE11914002B35C0FCE38DF3F /* Pods-RunnerTests.release.xcconfig */ = {isa = PBXFileReference; includeInIndex = 1; lastKnownFileType = text.xcconfig; name = "Pods-RunnerTests.release.xcconfig"; path = "Target Support Files/Pods-RunnerTests/Pods-RunnerTests.release.xcconfig"; sourceTree = "<group>"; };
		EF0D70169B810C7825FAE8DD /* hand_landmarker.task */ = {isa = PBXFileReference; includeInIndex = 1; lastKnownFileType = file; path = hand_landmarker.task; sourceTree = "<group>"; };
		F3C7BDC341C048CCF624916D /* NativePoseCameraPlatformViewFactory.swift */ = {isa = PBXFileReference; includeInIndex = 1; lastKnownFileType = sourcecode.swift; path = NativePoseCameraPlatformViewFactory.swift; sourceTree = "<group>"; };
		F6B6AACE97A047453F5ADE62 /* SquatEvaluator.swift */ = {isa = PBXFileReference; includeInIndex = 1; lastKnownFileType = sourcecode.swift; path = SquatEvaluator.swift; sourceTree = "<group>"; };
		FC8A40F59BAE22171EA28319 /* Pods-Runner.debug.xcconfig */ = {isa = PBXFileReference; includeInIndex = 1; lastKnownFileType = text.xcconfig; name = "Pods-Runner.debug.xcconfig"; path = "Target Support Files/Pods-Runner/Pods-Runner.debug.xcconfig"; sourceTree = "<group>"; };
		FCEB665660D0A67B817FFAB4 /* NativePoseCameraPlatformView.swift */ = {isa = PBXFileReference; includeInIndex = 1; lastKnownFileType = sourcecode.swift; path = NativePoseCameraPlatformView.swift; sourceTree = "<group>"; };
		B9C95AA857FF5EB6E528887C /* CalibrationConfig.swift */ = {isa = PBXFileReference; includeInIndex = 1; lastKnownFileType = sourcecode.swift; path = CalibrationConfig.swift; sourceTree = "<group>"; };
		19834FA938874BF09D66DE00 /* CalibrationTypes.swift */ = {isa = PBXFileReference; includeInIndex = 1; lastKnownFileType = sourcecode.swift; path = CalibrationTypes.swift; sourceTree = "<group>"; };
		E760E89ED925A4E2008B2E5F /* CalibrationEngine.swift */ = {isa = PBXFileReference; includeInIndex = 1; lastKnownFileType = sourcecode.swift; path = CalibrationEngine.swift; sourceTree = "<group>"; };
		49AF4E54B4A65A4CEA144369 /* CalibrationStore.swift */ = {isa = PBXFileReference; includeInIndex = 1; lastKnownFileType = sourcecode.swift; path = CalibrationStore.swift; sourceTree = "<group>"; };
		27439F5A8A68B8EDD6B4B211 /* DeviceMotionMonitor.swift */ = {isa = PBXFileReference; includeInIndex = 1; lastKnownFileType = sourcecode.swift; path = DeviceMotionMonitor.swift; sourceTree = "<group>"; };
		A9904FCF0AC9BC0DB7C5C3AD /* CalibrationVoice.swift */ = {isa = PBXFileReference; includeInIndex = 1; lastKnownFileType = sourcecode.swift; path = CalibrationVoice.swift; sourceTree = "<group>"; };
		B2F3CD58F303C94E51B2ECAF /* CalibrationDebugLog.swift */ = {isa = PBXFileReference; includeInIndex = 1; lastKnownFileType = sourcecode.swift; path = CalibrationDebugLog.swift; sourceTree = "<group>"; };
		A477883B45E9D69598BA97E3 /* CalibrationSession.swift */ = {isa = PBXFileReference; includeInIndex = 1; lastKnownFileType = sourcecode.swift; path = CalibrationSession.swift; sourceTree = "<group>"; };
		C2B44E870E9B48FAB6FB2538 /* CalibrationCameraPlatformView.swift */ = {isa = PBXFileReference; includeInIndex = 1; lastKnownFileType = sourcecode.swift; path = CalibrationCameraPlatformView.swift; sourceTree = "<group>"; };
/* End PBXFileReference section */

/* Begin PBXFrameworksBuildPhase section */
		90C6CA49B449DAA37C2C3D51 /* Frameworks */ = {
			isa = PBXFrameworksBuildPhase;
			buildActionMask = 2147483647;
			files = (
				1C9ADEA9E52E2A4B29397F47 /* Pods_RunnerTests.framework in Frameworks */,
			);
			runOnlyForDeploymentPostprocessing = 0;
		};
		97C146EB1CF9000F007C117D /* Frameworks */ = {
			isa = PBXFrameworksBuildPhase;
			buildActionMask = 2147483647;
			files = (
				78A318202AECB46A00862997 /* FlutterGeneratedPluginSwiftPackage in Frameworks */,
				AF28DBE3A86A290721A6C706 /* Pods_Runner.framework in Frameworks */,
			);
			runOnlyForDeploymentPostprocessing = 0;
		};
/* End PBXFrameworksBuildPhase section */

/* Begin PBXGroup section */
		06626BF18714E63F473E7EC3 /* NativePose */ = {
			isa = PBXGroup;
			children = (
				B316B68CF133EC6E59313F1F /* Camera */,
				92501709A50AEC307A693E8B /* PosePipeline */,
				F03129DF313F9CC94BFD6B26 /* Hands */,
				BAECE759670DF5700C16E55B /* Overlays */,
				D07A9FFAFBFB08B7AE43A85E /* Evaluators */,
				199AE752EA955431FAE9E67C /* Types */,
				17B7ED684A41F740B3C81AAF /* Bridge */,
				6D0801A39A80D1F1709F7C11 /* Models */,
				135F99FB5EA7C2E853792ACE /* Calibration */,
			);
			path = NativePose;
			sourceTree = "<group>";
		};
		135F99FB5EA7C2E853792ACE /* Calibration */ = {
			isa = PBXGroup;
			children = (
				B9C95AA857FF5EB6E528887C /* CalibrationConfig.swift */,
				19834FA938874BF09D66DE00 /* CalibrationTypes.swift */,
				E760E89ED925A4E2008B2E5F /* CalibrationEngine.swift */,
				49AF4E54B4A65A4CEA144369 /* CalibrationStore.swift */,
				27439F5A8A68B8EDD6B4B211 /* DeviceMotionMonitor.swift */,
				A9904FCF0AC9BC0DB7C5C3AD /* CalibrationVoice.swift */,
				B2F3CD58F303C94E51B2ECAF /* CalibrationDebugLog.swift */,
				A477883B45E9D69598BA97E3 /* CalibrationSession.swift */,
				C2B44E870E9B48FAB6FB2538 /* CalibrationCameraPlatformView.swift */,
			);
			path = Calibration;
			sourceTree = "<group>";
		};
		17B7ED684A41F740B3C81AAF /* Bridge */ = {
			isa = PBXGroup;
			children = (
				FCEB665660D0A67B817FFAB4 /* NativePoseCameraPlatformView.swift */,
				F3C7BDC341C048CCF624916D /* NativePoseCameraPlatformViewFactory.swift */,
				28CF067E5302E66D43049D22 /* NativePoseRegistration.swift */,
			);
			path = Bridge;
			sourceTree = "<group>";
		};
		199AE752EA955431FAE9E67C /* Types */ = {
			isa = PBXGroup;
			children = (
				84891B9713D133617485BF84 /* NativePoseExercise.swift */,
			);
			path = Types;
			sourceTree = "<group>";
		};
		331C8082294A63A400263BE5 /* RunnerTests */ = {
			isa = PBXGroup;
			children = (
				331C807B294A618700263BE5 /* RunnerTests.swift */,
			);
			path = RunnerTests;
			sourceTree = "<group>";
		};
		6D0801A39A80D1F1709F7C11 /* Models */ = {
			isa = PBXGroup;
			children = (
				EF0D70169B810C7825FAE8DD /* hand_landmarker.task */,
				D0DB04261F1D80726AD0AF58 /* rtmpose_s_forward.mlpackage */,
			);
			path = Models;
			sourceTree = "<group>";
		};
		8BF0E93D7606F5CBDD86A70A /* Frameworks */ = {
			isa = PBXGroup;
			children = (
				4FF7A798DDF28A668B7AB568 /* Pods_Runner.framework */,
				200979D0AF7396451B08CFB3 /* Pods_RunnerTests.framework */,
			);
			name = Frameworks;
			sourceTree = "<group>";
		};
		92501709A50AEC307A693E8B /* PosePipeline */ = {
			isa = PBXGroup;
			children = (
				C22663292A168CDCAD307E66 /* PoseCoordinateTransforms.swift */,
				9C26CE42DA3E61208CE01EF8 /* PosePreprocess.swift */,
				C7C4940B99ECEFA823DD8EB1 /* SimCCDecoder.swift */,
			);
			path = PosePipeline;
			sourceTree = "<group>";
		};
		9740EEB11CF90186004384FC /* Flutter */ = {
			isa = PBXGroup;
			children = (
				78E0A7A72DC9AD7400C4905E /* FlutterGeneratedPluginSwiftPackage */,
				3B3967151E833CAA004F5970 /* AppFrameworkInfo.plist */,
				9740EEB21CF90195004384FC /* Debug.xcconfig */,
				7AFA3C8E1D35360C0083082E /* Release.xcconfig */,
				9740EEB31CF90195004384FC /* Generated.xcconfig */,
			);
			name = Flutter;
			sourceTree = "<group>";
		};
		97C146E51CF9000F007C117D = {
			isa = PBXGroup;
			children = (
				9740EEB11CF90186004384FC /* Flutter */,
				97C146F01CF9000F007C117D /* Runner */,
				97C146EF1CF9000F007C117D /* Products */,
				331C8082294A63A400263BE5 /* RunnerTests */,
				D3E8692EF73608592D2D5297 /* Pods */,
				8BF0E93D7606F5CBDD86A70A /* Frameworks */,
			);
			sourceTree = "<group>";
		};
		97C146EF1CF9000F007C117D /* Products */ = {
			isa = PBXGroup;
			children = (
				97C146EE1CF9000F007C117D /* Runner.app */,
				331C8081294A63A400263BE5 /* RunnerTests.xctest */,
			);
			name = Products;
			sourceTree = "<group>";
		};
		97C146F01CF9000F007C117D /* Runner */ = {
			isa = PBXGroup;
			children = (
				97C146FA1CF9000F007C117D /* Main.storyboard */,
				97C146FD1CF9000F007C117D /* Assets.xcassets */,
				97C146FF1CF9000F007C117D /* LaunchScreen.storyboard */,
				97C147021CF9000F007C117D /* Info.plist */,
				1498D2321E8E86230040F4C2 /* GeneratedPluginRegistrant.h */,
				1498D2331E8E89220040F4C2 /* GeneratedPluginRegistrant.m */,
				74858FAE1ED2DC5600515810 /* AppDelegate.swift */,
				74858FAD1ED2DC5600515810 /* Runner-Bridging-Header.h */,
				06626BF18714E63F473E7EC3 /* NativePose */,
			);
			path = Runner;
			sourceTree = "<group>";
		};
		B316B68CF133EC6E59313F1F /* Camera */ = {
			isa = PBXGroup;
			children = (
				C1ACABEF752B807EA9D21EAB /* CameraPosePreview.swift */,
			);
			path = Camera;
			sourceTree = "<group>";
		};
		BAECE759670DF5700C16E55B /* Overlays */ = {
			isa = PBXGroup;
			children = (
				36C9903487E33B6D811F2A8D /* HandOverlayRenderer.swift */,
			);
			path = Overlays;
			sourceTree = "<group>";
		};
		D07A9FFAFBFB08B7AE43A85E /* Evaluators */ = {
			isa = PBXGroup;
			children = (
				D17BBF73154938F9C729D2C4 /* BarbellRowEvaluator.swift */,
				2A1FD033181BAA88DDC1B0E9 /* BarbellRowTypes.swift */,
				5F9D88DA5CB850FD0093B2DD /* BenchPressEvaluator.swift */,
				DF445DF3E9EBB7E4F712C747 /* BenchPressTypes.swift */,
				362E1818C5D438F73E7CD41A /* DeadliftEvaluator.swift */,
				75300D023784EA0CF4021DF0 /* DeadliftTypes.swift */,
				9D268645DA5180A69D8BBB08 /* PushUpEvaluator.swift */,
				AD715C08999EC86EA56E8795 /* PushUpTypes.swift */,
				F6B6AACE97A047453F5ADE62 /* SquatEvaluator.swift */,
				66A9249975D25A56873258E4 /* SquatTypes.swift */,
			);
			path = Evaluators;
			sourceTree = "<group>";
		};
		D3E8692EF73608592D2D5297 /* Pods */ = {
			isa = PBXGroup;
			children = (
				FC8A40F59BAE22171EA28319 /* Pods-Runner.debug.xcconfig */,
				A199D13B5A15F6E1558FDC78 /* Pods-Runner.release.xcconfig */,
				880A349A013816956A2730A8 /* Pods-Runner.profile.xcconfig */,
				8A560CAEE98BF11A7CDF63D0 /* Pods-RunnerTests.debug.xcconfig */,
				EE11914002B35C0FCE38DF3F /* Pods-RunnerTests.release.xcconfig */,
				D167FF3D21F692A8C806B807 /* Pods-RunnerTests.profile.xcconfig */,
			);
			path = Pods;
			sourceTree = "<group>";
		};
		F03129DF313F9CC94BFD6B26 /* Hands */ = {
			isa = PBXGroup;
			children = (
				E07DF17BCEE460AC05367CFD /* BundledVideoHandFrameProcessor.swift */,
				AFF3D92E23C51588F9B817C7 /* HandCropBuilder.swift */,
				B403B85320DD7A4B0C166027 /* HandLandmarkTypes.swift */,
				1CCE7980CB9E4B502305AFFA /* MediaPipeHandLandmarkerRunner.swift */,
			);
			path = Hands;
			sourceTree = "<group>";
		};
/* End PBXGroup section */

/* Begin PBXNativeTarget section */
		331C8080294A63A400263BE5 /* RunnerTests */ = {
			isa = PBXNativeTarget;
			buildConfigurationList = 331C8087294A63A400263BE5 /* Build configuration list for PBXNativeTarget "RunnerTests" */;
			buildPhases = (
				E2FE00172BB87C501BC0672C /* [CP] Check Pods Manifest.lock */,
				331C807D294A63A400263BE5 /* Sources */,
				331C807F294A63A400263BE5 /* Resources */,
				90C6CA49B449DAA37C2C3D51 /* Frameworks */,
			);
			buildRules = (
			);
			dependencies = (
				331C8086294A63A400263BE5 /* PBXTargetDependency */,
			);
			name = RunnerTests;
			productName = RunnerTests;
			productReference = 331C8081294A63A400263BE5 /* RunnerTests.xctest */;
			productType = "com.apple.product-type.bundle.unit-test";
		};
		97C146ED1CF9000F007C117D /* Runner */ = {
			isa = PBXNativeTarget;
			buildConfigurationList = 97C147051CF9000F007C117D /* Build configuration list for PBXNativeTarget "Runner" */;
			buildPhases = (
				62F904E53DF85C7496CBFB69 /* [CP] Check Pods Manifest.lock */,
				9740EEB61CF901F6004384FC /* Run Script */,
				97C146EA1CF9000F007C117D /* Sources */,
				97C146EB1CF9000F007C117D /* Frameworks */,
				97C146EC1CF9000F007C117D /* Resources */,
				9705A1C41CF9048500538489 /* Embed Frameworks */,
				3B06AD1E1E4923F5004D2608 /* Thin Binary */,
				45FC65B4F9ACC357B7E00CA0 /* [CP] Embed Pods Frameworks */,
			);
			buildRules = (
			);
			dependencies = (
			);
			name = Runner;
			packageProductDependencies = (
				78A3181F2AECB46A00862997 /* FlutterGeneratedPluginSwiftPackage */,
			);
			productName = Runner;
			productReference = 97C146EE1CF9000F007C117D /* Runner.app */;
			productType = "com.apple.product-type.application";
		};
/* End PBXNativeTarget section */

/* Begin PBXProject section */
		97C146E61CF9000F007C117D /* Project object */ = {
			isa = PBXProject;
			attributes = {
				BuildIndependentTargetsInParallel = YES;
				LastUpgradeCheck = 1510;
				ORGANIZATIONNAME = "";
				TargetAttributes = {
					331C8080294A63A400263BE5 = {
						CreatedOnToolsVersion = 14.0;
						TestTargetID = 97C146ED1CF9000F007C117D;
					};
					97C146ED1CF9000F007C117D = {
						CreatedOnToolsVersion = 7.3.1;
						LastSwiftMigration = 1100;
					};
				};
			};
			buildConfigurationList = 97C146E91CF9000F007C117D /* Build configuration list for PBXProject "Runner" */;
			compatibilityVersion = "Xcode 9.3";
			developmentRegion = en;
			hasScannedForEncodings = 0;
			knownRegions = (
				en,
				Base,
			);
			mainGroup = 97C146E51CF9000F007C117D;
			packageReferences = (
				781AD8BC2B33823900A9FFBB /* XCLocalSwiftPackageReference "FlutterGeneratedPluginSwiftPackage" */,
			);
			productRefGroup = 97C146EF1CF9000F007C117D /* Products */;
			projectDirPath = "";
			projectRoot = "";
			targets = (
				97C146ED1CF9000F007C117D /* Runner */,
				331C8080294A63A400263BE5 /* RunnerTests */,
			);
		};
/* End PBXProject section */

/* Begin PBXResourcesBuildPhase section */
		331C807F294A63A400263BE5 /* Resources */ = {
			isa = PBXResourcesBuildPhase;
			buildActionMask = 2147483647;
			files = (
			);
			runOnlyForDeploymentPostprocessing = 0;
		};
		97C146EC1CF9000F007C117D /* Resources */ = {
			isa = PBXResourcesBuildPhase;
			buildActionMask = 2147483647;
			files = (
				97C147011CF9000F007C117D /* LaunchScreen.storyboard in Resources */,
				3B3967161E833CAA004F5970 /* AppFrameworkInfo.plist in Resources */,
				97C146FE1CF9000F007C117D /* Assets.xcassets in Resources */,
				97C146FC1CF9000F007C117D /* Main.storyboard in Resources */,
				3C9255FE7D789FFFC415E3C9 /* hand_landmarker.task in Resources */,
				35264BC5B5803A97A73D826C /* rtmpose_s_forward.mlpackage in Resources */,
			);
			runOnlyForDeploymentPostprocessing = 0;
		};
/* End PBXResourcesBuildPhase section */

/* Begin PBXShellScriptBuildPhase section */
		3B06AD1E1E4923F5004D2608 /* Thin Binary */ = {
			isa = PBXShellScriptBuildPhase;
			alwaysOutOfDate = 1;
			buildActionMask = 2147483647;
			files = (
			);
			inputPaths = (
				"${TARGET_BUILD_DIR}/${INFOPLIST_PATH}",
			);
			name = "Thin Binary";
			outputPaths = (
			);
			runOnlyForDeploymentPostprocessing = 0;
			shellPath = /bin/sh;
			shellScript = "/bin/sh \"$FLUTTER_ROOT/packages/flutter_tools/bin/xcode_backend.sh\" embed_and_thin";
		};
		45FC65B4F9ACC357B7E00CA0 /* [CP] Embed Pods Frameworks */ = {
			isa = PBXShellScriptBuildPhase;
			buildActionMask = 2147483647;
			files = (
			);
			inputFileListPaths = (
				"${PODS_ROOT}/Target Support Files/Pods-Runner/Pods-Runner-frameworks-${CONFIGURATION}-input-files.xcfilelist",
			);
			name = "[CP] Embed Pods Frameworks";
			outputFileListPaths = (
				"${PODS_ROOT}/Target Support Files/Pods-Runner/Pods-Runner-frameworks-${CONFIGURATION}-output-files.xcfilelist",
			);
			runOnlyForDeploymentPostprocessing = 0;
			shellPath = /bin/sh;
			shellScript = "\"${PODS_ROOT}/Target Support Files/Pods-Runner/Pods-Runner-frameworks.sh\"\n";
			showEnvVarsInLog = 0;
		};
		62F904E53DF85C7496CBFB69 /* [CP] Check Pods Manifest.lock */ = {
			isa = PBXShellScriptBuildPhase;
			buildActionMask = 2147483647;
			files = (
			);
			inputFileListPaths = (
			);
			inputPaths = (
				"${PODS_PODFILE_DIR_PATH}/Podfile.lock",
				"${PODS_ROOT}/Manifest.lock",
			);
			name = "[CP] Check Pods Manifest.lock";
			outputFileListPaths = (
			);
			outputPaths = (
				"$(DERIVED_FILE_DIR)/Pods-Runner-checkManifestLockResult.txt",
			);
			runOnlyForDeploymentPostprocessing = 0;
			shellPath = /bin/sh;
			shellScript = "diff \"${PODS_PODFILE_DIR_PATH}/Podfile.lock\" \"${PODS_ROOT}/Manifest.lock\" > /dev/null\nif [ $? != 0 ] ; then\n    # print error to STDERR\n    echo \"error: The sandbox is not in sync with the Podfile.lock. Run 'pod install' or update your CocoaPods installation.\" >&2\n    exit 1\nfi\n# This output is used by Xcode 'outputs' to avoid re-running this script phase.\necho \"SUCCESS\" > \"${SCRIPT_OUTPUT_FILE_0}\"\n";
			showEnvVarsInLog = 0;
		};
		9740EEB61CF901F6004384FC /* Run Script */ = {
			isa = PBXShellScriptBuildPhase;
			alwaysOutOfDate = 1;
			buildActionMask = 2147483647;
			files = (
			);
			inputPaths = (
			);
			name = "Run Script";
			outputPaths = (
			);
			runOnlyForDeploymentPostprocessing = 0;
			shellPath = /bin/sh;
			shellScript = "/bin/sh \"$FLUTTER_ROOT/packages/flutter_tools/bin/xcode_backend.sh\" build";
		};
		E2FE00172BB87C501BC0672C /* [CP] Check Pods Manifest.lock */ = {
			isa = PBXShellScriptBuildPhase;
			buildActionMask = 2147483647;
			files = (
			);
			inputFileListPaths = (
			);
			inputPaths = (
				"${PODS_PODFILE_DIR_PATH}/Podfile.lock",
				"${PODS_ROOT}/Manifest.lock",
			);
			name = "[CP] Check Pods Manifest.lock";
			outputFileListPaths = (
			);
			outputPaths = (
				"$(DERIVED_FILE_DIR)/Pods-RunnerTests-checkManifestLockResult.txt",
			);
			runOnlyForDeploymentPostprocessing = 0;
			shellPath = /bin/sh;
			shellScript = "diff \"${PODS_PODFILE_DIR_PATH}/Podfile.lock\" \"${PODS_ROOT}/Manifest.lock\" > /dev/null\nif [ $? != 0 ] ; then\n    # print error to STDERR\n    echo \"error: The sandbox is not in sync with the Podfile.lock. Run 'pod install' or update your CocoaPods installation.\" >&2\n    exit 1\nfi\n# This output is used by Xcode 'outputs' to avoid re-running this script phase.\necho \"SUCCESS\" > \"${SCRIPT_OUTPUT_FILE_0}\"\n";
			showEnvVarsInLog = 0;
		};
/* End PBXShellScriptBuildPhase section */

/* Begin PBXSourcesBuildPhase section */
		331C807D294A63A400263BE5 /* Sources */ = {
			isa = PBXSourcesBuildPhase;
			buildActionMask = 2147483647;
			files = (
				331C808B294A63AB00263BE5 /* RunnerTests.swift in Sources */,
			);
			runOnlyForDeploymentPostprocessing = 0;
		};
		97C146EA1CF9000F007C117D /* Sources */ = {
			isa = PBXSourcesBuildPhase;
			buildActionMask = 2147483647;
			files = (
				74858FAF1ED2DC5600515810 /* AppDelegate.swift in Sources */,
				1498D2341E8E89220040F4C2 /* GeneratedPluginRegistrant.m in Sources */,
				FEEDD62DEEFAEFF0804DBBBC /* CameraPosePreview.swift in Sources */,
				A7DD801D7BE99E90AD97FF07 /* PoseCoordinateTransforms.swift in Sources */,
				21CDBC22A214628A2C924DA7 /* PosePreprocess.swift in Sources */,
				8A47468CE23144E7FE449BEB /* SimCCDecoder.swift in Sources */,
				223CDB2759C9124390D74E5F /* BundledVideoHandFrameProcessor.swift in Sources */,
				08C943D98F2961D3E7FD292C /* HandCropBuilder.swift in Sources */,
				05A1975E6E323360F6D4A55A /* HandLandmarkTypes.swift in Sources */,
				E373932DEE26C31DD346DEB5 /* MediaPipeHandLandmarkerRunner.swift in Sources */,
				55B007C91D57370B112B9A8F /* HandOverlayRenderer.swift in Sources */,
				40E3761BDF18FECA75D4155D /* BarbellRowEvaluator.swift in Sources */,
				EF3784812C6EE0FD8DEF1387 /* BarbellRowTypes.swift in Sources */,
				680C86C56462486E58B77C3F /* BenchPressEvaluator.swift in Sources */,
				0D35ADD79DA1B8B274B350A7 /* BenchPressTypes.swift in Sources */,
				DF0B0E60C6ACA17046E0A302 /* DeadliftEvaluator.swift in Sources */,
				6B3F7BCD59D7E5D24433479A /* DeadliftTypes.swift in Sources */,
				A967865C22FDE39273719801 /* PushUpEvaluator.swift in Sources */,
				AC70631CACCCB3FA72FF8EB2 /* PushUpTypes.swift in Sources */,
				6A92035D6C60A5B2C3F40A9D /* SquatEvaluator.swift in Sources */,
				511C8B1A5E3231BB606B95BE /* SquatTypes.swift in Sources */,
				B7BF1D830B9649D4FFEE946D /* NativePoseExercise.swift in Sources */,
				622CB33062458ACA0B781D8B /* NativePoseCameraPlatformView.swift in Sources */,
				C4CC1F25A32E8EDA3BF8D0D3 /* NativePoseCameraPlatformViewFactory.swift in Sources */,
				3EAE5785BD00E55356394216 /* NativePoseRegistration.swift in Sources */,
				86AB2F1D28559673AEFB3414 /* CalibrationConfig.swift in Sources */,
				5A078BAFDB04ACF07057A2B7 /* CalibrationTypes.swift in Sources */,
				0769990B245BA6D1840230A1 /* CalibrationEngine.swift in Sources */,
				06DA224CC54411106FB622FB /* CalibrationStore.swift in Sources */,
				4EECF09D12FA45B0829E7EEB /* DeviceMotionMonitor.swift in Sources */,
				3ADE02570275D4BCFFA42291 /* CalibrationVoice.swift in Sources */,
				B75CABD5DE5ECD9A619075AC /* CalibrationDebugLog.swift in Sources */,
				9B1765659A9EB03CD190EA76 /* CalibrationSession.swift in Sources */,
				B80641859AA06A9A441B5935 /* CalibrationCameraPlatformView.swift in Sources */,
			);
			runOnlyForDeploymentPostprocessing = 0;
		};
/* End PBXSourcesBuildPhase section */

/* Begin PBXTargetDependency section */
		331C8086294A63A400263BE5 /* PBXTargetDependency */ = {
			isa = PBXTargetDependency;
			target = 97C146ED1CF9000F007C117D /* Runner */;
			targetProxy = 331C8085294A63A400263BE5 /* PBXContainerItemProxy */;
		};
/* End PBXTargetDependency section */

/* Begin PBXVariantGroup section */
		97C146FA1CF9000F007C117D /* Main.storyboard */ = {
			isa = PBXVariantGroup;
			children = (
				97C146FB1CF9000F007C117D /* Base */,
			);
			name = Main.storyboard;
			sourceTree = "<group>";
		};
		97C146FF1CF9000F007C117D /* LaunchScreen.storyboard */ = {
			isa = PBXVariantGroup;
			children = (
				97C147001CF9000F007C117D /* Base */,
			);
			name = LaunchScreen.storyboard;
			sourceTree = "<group>";
		};
/* End PBXVariantGroup section */

/* Begin XCBuildConfiguration section */
		249021D3217E4FDB00AE95B9 /* Profile */ = {
			isa = XCBuildConfiguration;
			buildSettings = {
				ALWAYS_SEARCH_USER_PATHS = NO;
				ASSETCATALOG_COMPILER_GENERATE_SWIFT_ASSET_SYMBOL_EXTENSIONS = YES;
				CLANG_ANALYZER_NONNULL = YES;
				CLANG_CXX_LANGUAGE_STANDARD = "gnu++0x";
				CLANG_CXX_LIBRARY = "libc++";
				CLANG_ENABLE_MODULES = YES;
				CLANG_ENABLE_OBJC_ARC = YES;
				CLANG_WARN_BLOCK_CAPTURE_AUTORELEASING = YES;
				CLANG_WARN_BOOL_CONVERSION = YES;
				CLANG_WARN_COMMA = YES;
				CLANG_WARN_CONSTANT_CONVERSION = YES;
				CLANG_WARN_DEPRECATED_OBJC_IMPLEMENTATIONS = YES;
				CLANG_WARN_DIRECT_OBJC_ISA_USAGE = YES_ERROR;
				CLANG_WARN_EMPTY_BODY = YES;
				CLANG_WARN_ENUM_CONVERSION = YES;
				CLANG_WARN_INFINITE_RECURSION = YES;
				CLANG_WARN_INT_CONVERSION = YES;
				CLANG_WARN_NON_LITERAL_NULL_CONVERSION = YES;
				CLANG_WARN_OBJC_IMPLICIT_RETAIN_SELF = YES;
				CLANG_WARN_OBJC_LITERAL_CONVERSION = YES;
				CLANG_WARN_OBJC_ROOT_CLASS = YES_ERROR;
				CLANG_WARN_RANGE_LOOP_ANALYSIS = YES;
				CLANG_WARN_STRICT_PROTOTYPES = YES;
				CLANG_WARN_SUSPICIOUS_MOVE = YES;
				CLANG_WARN_UNREACHABLE_CODE = YES;
				CLANG_WARN__DUPLICATE_METHOD_MATCH = YES;
				"CODE_SIGN_IDENTITY[sdk=iphoneos*]" = "iPhone Developer";
				COPY_PHASE_STRIP = NO;
				DEBUG_INFORMATION_FORMAT = "dwarf-with-dsym";
				ENABLE_NS_ASSERTIONS = NO;
				ENABLE_STRICT_OBJC_MSGSEND = YES;
				ENABLE_USER_SCRIPT_SANDBOXING = NO;
				GCC_C_LANGUAGE_STANDARD = gnu99;
				GCC_NO_COMMON_BLOCKS = YES;
				GCC_WARN_64_TO_32_BIT_CONVERSION = YES;
				GCC_WARN_ABOUT_RETURN_TYPE = YES_ERROR;
				GCC_WARN_UNDECLARED_SELECTOR = YES;
				GCC_WARN_UNINITIALIZED_AUTOS = YES_AGGRESSIVE;
				GCC_WARN_UNUSED_FUNCTION = YES;
				GCC_WARN_UNUSED_VARIABLE = YES;
				IPHONEOS_DEPLOYMENT_TARGET = 16.0;
				MTL_ENABLE_DEBUG_INFO = NO;
				SDKROOT = iphoneos;
				SUPPORTED_PLATFORMS = iphoneos;
				TARGETED_DEVICE_FAMILY = "1,2";
				VALIDATE_PRODUCT = YES;
			};
			name = Profile;
		};
		249021D4217E4FDB00AE95B9 /* Profile */ = {
			isa = XCBuildConfiguration;
			baseConfigurationReference = 7AFA3C8E1D35360C0083082E /* Release.xcconfig */;
			buildSettings = {
				ASSETCATALOG_COMPILER_APPICON_NAME = AppIcon;
				CLANG_ENABLE_MODULES = YES;
				CURRENT_PROJECT_VERSION = "$(FLUTTER_BUILD_NUMBER)";
				DEVELOPMENT_TEAM = U9984DX6WR;
				ENABLE_BITCODE = NO;
				INFOPLIST_FILE = Runner/Info.plist;
				IPHONEOS_DEPLOYMENT_TARGET = 16.0;
				LD_RUNPATH_SEARCH_PATHS = (
					"$(inherited)",
					"@executable_path/Frameworks",
				);
				PRODUCT_BUNDLE_IDENTIFIER = com.bpt.bpt;
				PRODUCT_NAME = "$(TARGET_NAME)";
				SWIFT_OBJC_BRIDGING_HEADER = "Runner/Runner-Bridging-Header.h";
				SWIFT_VERSION = 5.0;
				VERSIONING_SYSTEM = "apple-generic";
			};
			name = Profile;
		};
		331C8088294A63A400263BE5 /* Debug */ = {
			isa = XCBuildConfiguration;
			baseConfigurationReference = 8A560CAEE98BF11A7CDF63D0 /* Pods-RunnerTests.debug.xcconfig */;
			buildSettings = {
				BUNDLE_LOADER = "$(TEST_HOST)";
				CODE_SIGN_STYLE = Automatic;
				CURRENT_PROJECT_VERSION = 1;
				GENERATE_INFOPLIST_FILE = YES;
				IPHONEOS_DEPLOYMENT_TARGET = 16.0;
				MARKETING_VERSION = 1.0;
				PRODUCT_BUNDLE_IDENTIFIER = com.bpt.bpt.RunnerTests;
				PRODUCT_NAME = "$(TARGET_NAME)";
				SWIFT_ACTIVE_COMPILATION_CONDITIONS = DEBUG;
				SWIFT_OPTIMIZATION_LEVEL = "-Onone";
				SWIFT_VERSION = 5.0;
				TEST_HOST = "$(BUILT_PRODUCTS_DIR)/Runner.app/$(BUNDLE_EXECUTABLE_FOLDER_PATH)/Runner";
			};
			name = Debug;
		};
		331C8089294A63A400263BE5 /* Release */ = {
			isa = XCBuildConfiguration;
			baseConfigurationReference = EE11914002B35C0FCE38DF3F /* Pods-RunnerTests.release.xcconfig */;
			buildSettings = {
				BUNDLE_LOADER = "$(TEST_HOST)";
				CODE_SIGN_STYLE = Automatic;
				CURRENT_PROJECT_VERSION = 1;
				GENERATE_INFOPLIST_FILE = YES;
				IPHONEOS_DEPLOYMENT_TARGET = 16.0;
				MARKETING_VERSION = 1.0;
				PRODUCT_BUNDLE_IDENTIFIER = com.bpt.bpt.RunnerTests;
				PRODUCT_NAME = "$(TARGET_NAME)";
				SWIFT_VERSION = 5.0;
				TEST_HOST = "$(BUILT_PRODUCTS_DIR)/Runner.app/$(BUNDLE_EXECUTABLE_FOLDER_PATH)/Runner";
			};
			name = Release;
		};
		331C808A294A63A400263BE5 /* Profile */ = {
			isa = XCBuildConfiguration;
			baseConfigurationReference = D167FF3D21F692A8C806B807 /* Pods-RunnerTests.profile.xcconfig */;
			buildSettings = {
				BUNDLE_LOADER = "$(TEST_HOST)";
				CODE_SIGN_STYLE = Automatic;
				CURRENT_PROJECT_VERSION = 1;
				GENERATE_INFOPLIST_FILE = YES;
				IPHONEOS_DEPLOYMENT_TARGET = 16.0;
				MARKETING_VERSION = 1.0;
				PRODUCT_BUNDLE_IDENTIFIER = com.bpt.bpt.RunnerTests;
				PRODUCT_NAME = "$(TARGET_NAME)";
				SWIFT_VERSION = 5.0;
				TEST_HOST = "$(BUILT_PRODUCTS_DIR)/Runner.app/$(BUNDLE_EXECUTABLE_FOLDER_PATH)/Runner";
			};
			name = Profile;
		};
		97C147031CF9000F007C117D /* Debug */ = {
			isa = XCBuildConfiguration;
			buildSettings = {
				ALWAYS_SEARCH_USER_PATHS = NO;
				ASSETCATALOG_COMPILER_GENERATE_SWIFT_ASSET_SYMBOL_EXTENSIONS = AppIcon;
				CLANG_ANALYZER_NONNULL = YES;
				CLANG_CXX_LANGUAGE_STANDARD = "gnu++0x";
				CLANG_CXX_LIBRARY = "libc++";
				CLANG_ENABLE_MODULES = YES;
				CLANG_ENABLE_OBJC_ARC = YES;
				CLANG_WARN_BLOCK_CAPTURE_AUTORELEASING = YES;
				CLANG_WARN_BOOL_CONVERSION = YES;
				CLANG_WARN_COMMA = YES;
				CLANG_WARN_CONSTANT_CONVERSION = YES;
				CLANG_WARN_DEPRECATED_OBJC_IMPLEMENTATIONS = YES;
				CLANG_WARN_DIRECT_OBJC_ISA_USAGE = YES_ERROR;
				CLANG_WARN_EMPTY_BODY = YES;
				CLANG_WARN_ENUM_CONVERSION = YES;
				CLANG_WARN_INFINITE_RECURSION = YES;
				CLANG_WARN_INT_CONVERSION = YES;
				CLANG_WARN_NON_LITERAL_NULL_CONVERSION = YES;
				CLANG_WARN_OBJC_IMPLICIT_RETAIN_SELF = YES;
				CLANG_WARN_OBJC_LITERAL_CONVERSION = YES;
				CLANG_WARN_OBJC_ROOT_CLASS = YES_ERROR;
				CLANG_WARN_RANGE_LOOP_ANALYSIS = YES;
				CLANG_WARN_STRICT_PROTOTYPES = YES;
				CLANG_WARN_SUSPICIOUS_MOVE = YES;
				CLANG_WARN_UNREACHABLE_CODE = YES;
				CLANG_WARN__DUPLICATE_METHOD_MATCH = YES;
				"CODE_SIGN_IDENTITY[sdk=iphoneos*]" = "iPhone Developer";
				COPY_PHASE_STRIP = NO;
				DEBUG_INFORMATION_FORMAT = dwarf;
				ENABLE_STRICT_OBJC_MSGSEND = YES;
				ENABLE_TESTABILITY = YES;
				ENABLE_USER_SCRIPT_SANDBOXING = NO;
				GCC_C_LANGUAGE_STANDARD = gnu99;
				GCC_DYNAMIC_NO_PIC = NO;
				GCC_NO_COMMON_BLOCKS = YES;
				GCC_OPTIMIZATION_LEVEL = 0;
				GCC_PREPROCESSOR_DEFINITIONS = (
					"DEBUG=1",
					"$(inherited)",
				);
				GCC_WARN_64_TO_32_BIT_CONVERSION = YES;
				GCC_WARN_ABOUT_RETURN_TYPE = YES_ERROR;
				GCC_WARN_UNDECLARED_SELECTOR = YES;
				GCC_WARN_UNINITIALIZED_AUTOS = YES_AGGRESSIVE;
				GCC_WARN_UNUSED_FUNCTION = YES;
				GCC_WARN_UNUSED_VARIABLE = YES;
				IPHONEOS_DEPLOYMENT_TARGET = 16.0;
				MTL_ENABLE_DEBUG_INFO = YES;
				ONLY_ACTIVE_ARCH = YES;
				SDKROOT = iphoneos;
				TARGETED_DEVICE_FAMILY = "1,2";
			};
			name = Debug;
		};
		97C147041CF9000F007C117D /* Release */ = {
			isa = XCBuildConfiguration;
			buildSettings = {
				ALWAYS_SEARCH_USER_PATHS = NO;
				ASSETCATALOG_COMPILER_GENERATE_SWIFT_ASSET_SYMBOL_EXTENSIONS = AppIcon;
				CLANG_ANALYZER_NONNULL = YES;
				CLANG_CXX_LANGUAGE_STANDARD = "gnu++0x";
				CLANG_CXX_LIBRARY = "libc++";
				CLANG_ENABLE_MODULES = YES;
				CLANG_ENABLE_OBJC_ARC = YES;
				CLANG_WARN_BLOCK_CAPTURE_AUTORELEASING = YES;
				CLANG_WARN_BOOL_CONVERSION = YES;
				CLANG_WARN_COMMA = YES;
				CLANG_WARN_CONSTANT_CONVERSION = YES;
				CLANG_WARN_DEPRECATED_OBJC_IMPLEMENTATIONS = YES;
				CLANG_WARN_DIRECT_OBJC_ISA_USAGE = YES_ERROR;
				CLANG_WARN_EMPTY_BODY = YES;
				CLANG_WARN_ENUM_CONVERSION = YES;
				CLANG_WARN_INFINITE_RECURSION = YES;
				CLANG_WARN_INT_CONVERSION = YES;
				CLANG_WARN_NON_LITERAL_NULL_CONVERSION = YES;
				CLANG_WARN_OBJC_IMPLICIT_RETAIN_SELF = YES;
				CLANG_WARN_OBJC_LITERAL_CONVERSION = YES;
				CLANG_WARN_OBJC_ROOT_CLASS = YES_ERROR;
				CLANG_WARN_RANGE_LOOP_ANALYSIS = YES;
				CLANG_WARN_STRICT_PROTOTYPES = YES;
				CLANG_WARN_SUSPICIOUS_MOVE = YES;
				CLANG_WARN_UNREACHABLE_CODE = YES;
				CLANG_WARN__DUPLICATE_METHOD_MATCH = YES;
				"CODE_SIGN_IDENTITY[sdk=iphoneos*]" = "iPhone Developer";
				COPY_PHASE_STRIP = NO;
				DEBUG_INFORMATION_FORMAT = "dwarf-with-dsym";
				ENABLE_NS_ASSERTIONS = NO;
				ENABLE_STRICT_OBJC_MSGSEND = YES;
				ENABLE_USER_SCRIPT_SANDBOXING = NO;
				GCC_C_LANGUAGE_STANDARD = gnu99;
				GCC_NO_COMMON_BLOCKS = YES;
				GCC_WARN_64_TO_32_BIT_CONVERSION = YES;
				GCC_WARN_ABOUT_RETURN_TYPE = YES_ERROR;
				GCC_WARN_UNDECLARED_SELECTOR = YES;
				GCC_WARN_UNINITIALIZED_AUTOS = YES_AGGRESSIVE;
				GCC_WARN_UNUSED_FUNCTION = YES;
				GCC_WARN_UNUSED_VARIABLE = YES;
				IPHONEOS_DEPLOYMENT_TARGET = 16.0;
				MTL_ENABLE_DEBUG_INFO = NO;
				SDKROOT = iphoneos;
				SUPPORTED_PLATFORMS = iphoneos;
				SWIFT_COMPILATION_MODE = wholemodule;
				SWIFT_OPTIMIZATION_LEVEL = "-O";
				TARGETED_DEVICE_FAMILY = "1,2";
				VALIDATE_PRODUCT = YES;
			};
			name = Release;
		};
		97C147061CF9000F007C117D /* Debug */ = {
			isa = XCBuildConfiguration;
			baseConfigurationReference = 9740EEB21CF90195004384FC /* Debug.xcconfig */;
			buildSettings = {
				ASSETCATALOG_COMPILER_APPICON_NAME = AppIcon;
				CLANG_ENABLE_MODULES = YES;
				CURRENT_PROJECT_VERSION = "$(FLUTTER_BUILD_NUMBER)";
				DEVELOPMENT_TEAM = U9984DX6WR;
				ENABLE_BITCODE = NO;
				INFOPLIST_FILE = Runner/Info.plist;
				IPHONEOS_DEPLOYMENT_TARGET = 16.0;
				LD_RUNPATH_SEARCH_PATHS = (
					"$(inherited)",
					"@executable_path/Frameworks",
				);
				PRODUCT_BUNDLE_IDENTIFIER = com.bpt.bpt;
				PRODUCT_NAME = "$(TARGET_NAME)";
				SWIFT_OBJC_BRIDGING_HEADER = "Runner/Runner-Bridging-Header.h";
				SWIFT_OPTIMIZATION_LEVEL = "-Onone";
				SWIFT_VERSION = 5.0;
				VERSIONING_SYSTEM = "apple-generic";
			};
			name = Debug;
		};
		97C147071CF9000F007C117D /* Release */ = {
			isa = XCBuildConfiguration;
			baseConfigurationReference = 7AFA3C8E1D35360C0083082E /* Release.xcconfig */;
			buildSettings = {
				ASSETCATALOG_COMPILER_APPICON_NAME = AppIcon;
				CLANG_ENABLE_MODULES = YES;
				CURRENT_PROJECT_VERSION = "$(FLUTTER_BUILD_NUMBER)";
				DEVELOPMENT_TEAM = U9984DX6WR;
				ENABLE_BITCODE = NO;
				INFOPLIST_FILE = Runner/Info.plist;
				IPHONEOS_DEPLOYMENT_TARGET = 16.0;
				LD_RUNPATH_SEARCH_PATHS = (
					"$(inherited)",
					"@executable_path/Frameworks",
				);
				PRODUCT_BUNDLE_IDENTIFIER = com.bpt.bpt;
				PRODUCT_NAME = "$(TARGET_NAME)";
				SWIFT_OBJC_BRIDGING_HEADER = "Runner/Runner-Bridging-Header.h";
				SWIFT_VERSION = 5.0;
				VERSIONING_SYSTEM = "apple-generic";
			};
			name = Release;
		};
/* End XCBuildConfiguration section */

/* Begin XCConfigurationList section */
		331C8087294A63A400263BE5 /* Build configuration list for PBXNativeTarget "RunnerTests" */ = {
			isa = XCConfigurationList;
			buildConfigurations = (
				331C8088294A63A400263BE5 /* Debug */,
				331C8089294A63A400263BE5 /* Release */,
				331C808A294A63A400263BE5 /* Profile */,
			);
			defaultConfigurationIsVisible = 0;
			defaultConfigurationName = Release;
		};
		97C146E91CF9000F007C117D /* Build configuration list for PBXProject "Runner" */ = {
			isa = XCConfigurationList;
			buildConfigurations = (
				97C147031CF9000F007C117D /* Debug */,
				97C147041CF9000F007C117D /* Release */,
				249021D3217E4FDB00AE95B9 /* Profile */,
			);
			defaultConfigurationIsVisible = 0;
			defaultConfigurationName = Release;
		};
		97C147051CF9000F007C117D /* Build configuration list for PBXNativeTarget "Runner" */ = {
			isa = XCConfigurationList;
			buildConfigurations = (
				97C147061CF9000F007C117D /* Debug */,
				97C147071CF9000F007C117D /* Release */,
				249021D4217E4FDB00AE95B9 /* Profile */,
			);
			defaultConfigurationIsVisible = 0;
			defaultConfigurationName = Release;
		};
/* End XCConfigurationList section */

/* Begin XCLocalSwiftPackageReference section */
		781AD8BC2B33823900A9FFBB /* XCLocalSwiftPackageReference "FlutterGeneratedPluginSwiftPackage" */ = {
			isa = XCLocalSwiftPackageReference;
			relativePath = Flutter/ephemeral/Packages/FlutterGeneratedPluginSwiftPackage;
		};
/* End XCLocalSwiftPackageReference section */

/* Begin XCSwiftPackageProductDependency section */
		78A3181F2AECB46A00862997 /* FlutterGeneratedPluginSwiftPackage */ = {
			isa = XCSwiftPackageProductDependency;
			productName = FlutterGeneratedPluginSwiftPackage;
		};
/* End XCSwiftPackageProductDependency section */
	};
	rootObject = 97C146E61CF9000F007C117D /* Project object */;
}
